
Microsoft Visual Studio Solution File, Format Version 12.00
# Visual Studio Version 17
VisualStudioVersion = 17.1.32210.238
MinimumVisualStudioVersion = 10.0.40219.1
Project("{9A19103F-16F7-4668-BE54-9A1E7A4F7556}") = "Rpg.Client", "Rpg.Client\Rpg.Client.csproj", "{BB90E00F-AE35-440B-A313-76732DBF7FDA}"
EndProject
Project("{2150E333-8FDC-42A3-9474-1A3956D46DE8}") = "Solution Items", "Solution Items", "{D89326DF-EE4E-4EE9-8C4E-112776FA7D85}"
	ProjectSection(SolutionItems) = preProject
		.editorconfig = .editorconfig
		..\.github\workflows\build.yml = ..\.github\workflows\build.yml
		..\.github\workflows\calibreapp-image-actions.yml = ..\.github\workflows\calibreapp-image-actions.yml
		..\.github\workflows\linter.yml = ..\.github\workflows\linter.yml
		..\.github\workflows\remove-old-artifacts.yml = ..\.github\workflows\remove-old-artifacts.yml
	EndProjectSection
EndProject
Project("{9A19103F-16F7-4668-BE54-9A1E7A4F7556}") = "PlotConverter", "PlotConverter\PlotConverter.csproj", "{28BD3E04-5310-40ED-928A-1D91EE26A8B5}"
EndProject
Project("{9A19103F-16F7-4668-BE54-9A1E7A4F7556}") = "Rpg.Client.Tests", "Rpg.Client.Tests\Rpg.Client.Tests.csproj", "{2DB303DC-804C-4B09-B980-8D25AF699675}"
EndProject
Project("{9A19103F-16F7-4668-BE54-9A1E7A4F7556}") = "BalanceConverter", "BalanceConverter\BalanceConverter.csproj", "{2C79B30E-EEAD-46C2-ABAF-776F12AB2B29}"
EndProject
Project("{9A19103F-16F7-4668-BE54-9A1E7A4F7556}") = "BalanceConverter.Tests", "BalanceConverter.Tests\BalanceConverter.Tests.csproj", "{A36287C0-D98D-452C-86E1-98D45673914F}"
EndProject
Project("{9A19103F-16F7-4668-BE54-9A1E7A4F7556}") = "BalanceGenerator", "BalanceGenerator\BalanceGenerator.csproj", "{D7BECACC-2D72-4EAD-982A-041905D79A7E}"
EndProject
Project("{FAE04EC0-301F-11D3-BF4B-00C04F79EFBC}") = "LEDialoguePlotConverter", "LEDialoguePlotConverter\LEDialoguePlotConverter.csproj", "{FA5718F5-7A9C-4940-93B1-95D8278BFA27}"
EndProject
Global
	GlobalSection(SolutionConfigurationPlatforms) = preSolution
		Debug|Any CPU = Debug|Any CPU
		Release|Any CPU = Release|Any CPU
	EndGlobalSection
	GlobalSection(ProjectConfigurationPlatforms) = postSolution
		{BB90E00F-AE35-440B-A313-76732DBF7FDA}.Debug|Any CPU.ActiveCfg = Debug|Any CPU
		{BB90E00F-AE35-440B-A313-76732DBF7FDA}.Debug|Any CPU.Build.0 = Debug|Any CPU
		{BB90E00F-AE35-440B-A313-76732DBF7FDA}.Release|Any CPU.ActiveCfg = Release|Any CPU
		{BB90E00F-AE35-440B-A313-76732DBF7FDA}.Release|Any CPU.Build.0 = Release|Any CPU
		{28BD3E04-5310-40ED-928A-1D91EE26A8B5}.Debug|Any CPU.ActiveCfg = Debug|Any CPU
		{28BD3E04-5310-40ED-928A-1D91EE26A8B5}.Debug|Any CPU.Build.0 = Debug|Any CPU
		{28BD3E04-5310-40ED-928A-1D91EE26A8B5}.Release|Any CPU.ActiveCfg = Release|Any CPU
		{28BD3E04-5310-40ED-928A-1D91EE26A8B5}.Release|Any CPU.Build.0 = Release|Any CPU
		{2DB303DC-804C-4B09-B980-8D25AF699675}.Debug|Any CPU.ActiveCfg = Debug|Any CPU
		{2DB303DC-804C-4B09-B980-8D25AF699675}.Debug|Any CPU.Build.0 = Debug|Any CPU
		{2DB303DC-804C-4B09-B980-8D25AF699675}.Release|Any CPU.ActiveCfg = Release|Any CPU
		{2DB303DC-804C-4B09-B980-8D25AF699675}.Release|Any CPU.Build.0 = Release|Any CPU
		{2C79B30E-EEAD-46C2-ABAF-776F12AB2B29}.Debug|Any CPU.ActiveCfg = Debug|Any CPU
		{2C79B30E-EEAD-46C2-ABAF-776F12AB2B29}.Debug|Any CPU.Build.0 = Debug|Any CPU
		{2C79B30E-EEAD-46C2-ABAF-776F12AB2B29}.Release|Any CPU.ActiveCfg = Release|Any CPU
		{2C79B30E-EEAD-46C2-ABAF-776F12AB2B29}.Release|Any CPU.Build.0 = Release|Any CPU
		{A36287C0-D98D-452C-86E1-98D45673914F}.Debug|Any CPU.ActiveCfg = Debug|Any CPU
		{A36287C0-D98D-452C-86E1-98D45673914F}.Debug|Any CPU.Build.0 = Debug|Any CPU
		{A36287C0-D98D-452C-86E1-98D45673914F}.Release|Any CPU.ActiveCfg = Release|Any CPU
		{A36287C0-D98D-452C-86E1-98D45673914F}.Release|Any CPU.Build.0 = Release|Any CPU
		{D7BECACC-2D72-4EAD-982A-041905D79A7E}.Debug|Any CPU.ActiveCfg = Debug|Any CPU
		{D7BECACC-2D72-4EAD-982A-041905D79A7E}.Debug|Any CPU.Build.0 = Debug|Any CPU
		{D7BECACC-2D72-4EAD-982A-041905D79A7E}.Release|Any CPU.ActiveCfg = Release|Any CPU
		{D7BECACC-2D72-4EAD-982A-041905D79A7E}.Release|Any CPU.Build.0 = Release|Any CPU
		{FA5718F5-7A9C-4940-93B1-95D8278BFA27}.Debug|Any CPU.ActiveCfg = Debug|Any CPU
		{FA5718F5-7A9C-4940-93B1-95D8278BFA27}.Debug|Any CPU.Build.0 = Debug|Any CPU
		{FA5718F5-7A9C-4940-93B1-95D8278BFA27}.Release|Any CPU.ActiveCfg = Release|Any CPU
		{FA5718F5-7A9C-4940-93B1-95D8278BFA27}.Release|Any CPU.Build.0 = Release|Any CPU
	EndGlobalSection
	GlobalSection(SolutionProperties) = preSolution
		HideSolutionNode = FALSE
	EndGlobalSection
	GlobalSection(ExtensibilityGlobals) = postSolution
		SolutionGuid = {109FC733-76F8-4327-BE39-B9303FDD86EA}
		RESX_SortFileContentOnSave = True
		RESX_Rules = {"EnabledRules":["StringFormat","WhiteSpaceLead","WhiteSpaceTail"]}
	EndGlobalSection
EndGlobal
