
Microsoft Visual Studio Solution File, Format Version 12.00
# Visual Studio Version 17
VisualStudioVersion = 17.1.32210.238
MinimumVisualStudioVersion = 10.0.40219.1
Project("{2150E333-8FDC-42A3-9474-1A3956D46DE8}") = "CodeAnalisys", "CodeAnalisys", "{0DCFDF5E-947E-453B-8BE8-35C5F7ABE8EA}"
EndProject
Project("{9A19103F-16F7-4668-BE54-9A1E7A4F7556}") = "Client", "src\Client\Client.csproj", "{2A8E21E3-F27B-49E8-8B2D-BE7F10BC3377}"
EndProject
Project("{9A19103F-16F7-4668-BE54-9A1E7A4F7556}") = "Core.Combats.BotBehaviour", "src\Core.Combats.BotBehaviour\Core.Combats.BotBehaviour.csproj", "{2D6A6876-073F-40DF-A0E7-CE82DEFDD3DF}"
EndProject
Project("{9A19103F-16F7-4668-BE54-9A1E7A4F7556}") = "Core", "src\Core\Core.csproj", "{BCAB45B8-23C1-489B-9065-D51F3E9CEFB5}"
EndProject
Project("{9A19103F-16F7-4668-BE54-9A1E7A4F7556}") = "GameContent.Extensions", "src\GameContent.Extensions\GameContent.Extensions.csproj", "{972CDF1F-7492-494D-8A9D-66ED83193939}"
EndProject
Project("{9A19103F-16F7-4668-BE54-9A1E7A4F7556}") = "GameContent", "src\GameContent\GameContent.csproj", "{1AC5688D-42EB-48F6-BBEF-34C4F9049513}"
EndProject
Project("{9A19103F-16F7-4668-BE54-9A1E7A4F7556}") = "CodeAnalysers", "code_analysers\CodeAnalysers.csproj", "{BBF211E2-24A2-4DC7-8586-62EABC08AB28}"
EndProject
Project("{2150E333-8FDC-42A3-9474-1A3956D46DE8}") = "tests", "tests", "{5D45D065-CBD8-4E1B-84AD-06A413E0A7C8}"
EndProject
Project("{9A19103F-16F7-4668-BE54-9A1E7A4F7556}") = "Content.SideQuests.Tests", "tests\Content.SideQuests.Tests\Content.SideQuests.Tests.csproj", "{B5422A0D-DBA8-4A42-BA7B-B32F060D2065}"
EndProject
Project("{9A19103F-16F7-4668-BE54-9A1E7A4F7556}") = "Core.Balance", "src\Core.Balance\Core.Balance.csproj", "{1F03A661-922D-4A4E-A8E7-4CFD508EF3B6}"
EndProject
Project("{9A19103F-16F7-4668-BE54-9A1E7A4F7556}") = "Client.Tests", "tests\Client.Tests\Client.Tests.csproj", "{9C8B04BE-29F3-4B00-9485-BA782873D78B}"
EndProject
Project("{9A19103F-16F7-4668-BE54-9A1E7A4F7556}") = "MonoGame.Primitives2D", "src\MonoGame.Primitives2D\MonoGame.Primitives2D.csproj", "{AB930C24-82D2-4D9D-996C-D67A141E87B6}"
EndProject
Project("{9A19103F-16F7-4668-BE54-9A1E7A4F7556}") = "GameAssets.Combats", "src\GameAssets.Combats\GameAssets.Combats.csproj", "{D65FAD3D-3BF9-4440-857A-1F3ABBFF9404}"
EndProject
Project("{9A19103F-16F7-4668-BE54-9A1E7A4F7556}") = "GameAssets.Combats.Tests", "tests\GameAssets.Combats.Tests\GameAssets.Combats.Tests.csproj", "{82BDFFE2-BD11-40F8-93BA-ACC03188A4A7}"
EndProject
Project("{9A19103F-16F7-4668-BE54-9A1E7A4F7556}") = "GameClient.Engine", "src\GameClient.Engine\GameClient.Engine.csproj", "{488FCA83-D8A3-4F65-AB21-779C2CCDC8F1}"
EndProject
Project("{9A19103F-16F7-4668-BE54-9A1E7A4F7556}") = "GameClient.Engine.Tests", "tests\GameClient.Engine.Tests\GameClient.Engine.Tests.csproj", "{317F9722-C7D7-4E43-A793-E97DCBAC2055}"
EndProject
Project("{9A19103F-16F7-4668-BE54-9A1E7A4F7556}") = "Core.MiniGames.Match3.Tests", "tests\Core.MiniGames.Match3.Tests\Core.MiniGames.Match3.Tests.csproj", "{44A882E1-AC6F-4FE7-983B-DF2B64ECD5B5}"
EndProject
Project("{9A19103F-16F7-4668-BE54-9A1E7A4F7556}") = "Core.Minigames.Towers", "src\Core.Minigames.Towers\Core.Minigames.Towers.csproj", "{7EC2CFDB-79CB-4039-8288-4B62CCB762C2}"
EndProject
Project("{9A19103F-16F7-4668-BE54-9A1E7A4F7556}") = "Core.Minigames.Match3", "src\Core.Minigames.Match3\Core.Minigames.Match3.csproj", "{1A9B0447-0C0C-4132-9C7A-5513FDDE8E2B}"
EndProject
Project("{FAE04EC0-301F-11D3-BF4B-00C04F79EFBC}") = "CombatDicesTeam.Engine.Ui", "CombatDicesTeam.Engine.Ui\CombatDicesTeam.Engine.Ui.csproj", "{FDDD6CBB-F1B6-4805-9B63-C5CB2DA7F13B}"
EndProject
Project("{FAE04EC0-301F-11D3-BF4B-00C04F79EFBC}") = "CombatDicesTeam.Engine.Ui.Tests", "tests\CombatDicesTeam.Engine.Ui.Tests\CombatDicesTeam.Engine.Ui.Tests.csproj", "{811C6C41-2A41-455D-9A35-1001BEA8428B}"
EndProject
Global
	GlobalSection(SolutionConfigurationPlatforms) = preSolution
		Debug|Any CPU = Debug|Any CPU
		Release|Any CPU = Release|Any CPU
	EndGlobalSection
	GlobalSection(ProjectConfigurationPlatforms) = postSolution
		{2A8E21E3-F27B-49E8-8B2D-BE7F10BC3377}.Debug|Any CPU.ActiveCfg = Debug|Any CPU
		{2A8E21E3-F27B-49E8-8B2D-BE7F10BC3377}.Debug|Any CPU.Build.0 = Debug|Any CPU
		{2A8E21E3-F27B-49E8-8B2D-BE7F10BC3377}.Release|Any CPU.ActiveCfg = Release|Any CPU
		{2A8E21E3-F27B-49E8-8B2D-BE7F10BC3377}.Release|Any CPU.Build.0 = Release|Any CPU
		{2D6A6876-073F-40DF-A0E7-CE82DEFDD3DF}.Debug|Any CPU.ActiveCfg = Debug|Any CPU
		{2D6A6876-073F-40DF-A0E7-CE82DEFDD3DF}.Debug|Any CPU.Build.0 = Debug|Any CPU
		{2D6A6876-073F-40DF-A0E7-CE82DEFDD3DF}.Release|Any CPU.ActiveCfg = Release|Any CPU
		{2D6A6876-073F-40DF-A0E7-CE82DEFDD3DF}.Release|Any CPU.Build.0 = Release|Any CPU
		{BCAB45B8-23C1-489B-9065-D51F3E9CEFB5}.Debug|Any CPU.ActiveCfg = Debug|Any CPU
		{BCAB45B8-23C1-489B-9065-D51F3E9CEFB5}.Debug|Any CPU.Build.0 = Debug|Any CPU
		{BCAB45B8-23C1-489B-9065-D51F3E9CEFB5}.Release|Any CPU.ActiveCfg = Release|Any CPU
		{BCAB45B8-23C1-489B-9065-D51F3E9CEFB5}.Release|Any CPU.Build.0 = Release|Any CPU
		{972CDF1F-7492-494D-8A9D-66ED83193939}.Debug|Any CPU.ActiveCfg = Debug|Any CPU
		{972CDF1F-7492-494D-8A9D-66ED83193939}.Debug|Any CPU.Build.0 = Debug|Any CPU
		{972CDF1F-7492-494D-8A9D-66ED83193939}.Release|Any CPU.ActiveCfg = Release|Any CPU
		{972CDF1F-7492-494D-8A9D-66ED83193939}.Release|Any CPU.Build.0 = Release|Any CPU
		{1AC5688D-42EB-48F6-BBEF-34C4F9049513}.Debug|Any CPU.ActiveCfg = Debug|Any CPU
		{1AC5688D-42EB-48F6-BBEF-34C4F9049513}.Debug|Any CPU.Build.0 = Debug|Any CPU
		{1AC5688D-42EB-48F6-BBEF-34C4F9049513}.Release|Any CPU.ActiveCfg = Release|Any CPU
		{1AC5688D-42EB-48F6-BBEF-34C4F9049513}.Release|Any CPU.Build.0 = Release|Any CPU
		{BBF211E2-24A2-4DC7-8586-62EABC08AB28}.Debug|Any CPU.ActiveCfg = Debug|Any CPU
		{BBF211E2-24A2-4DC7-8586-62EABC08AB28}.Debug|Any CPU.Build.0 = Debug|Any CPU
		{BBF211E2-24A2-4DC7-8586-62EABC08AB28}.Release|Any CPU.ActiveCfg = Release|Any CPU
		{BBF211E2-24A2-4DC7-8586-62EABC08AB28}.Release|Any CPU.Build.0 = Release|Any CPU
		{B5422A0D-DBA8-4A42-BA7B-B32F060D2065}.Debug|Any CPU.ActiveCfg = Debug|Any CPU
		{B5422A0D-DBA8-4A42-BA7B-B32F060D2065}.Debug|Any CPU.Build.0 = Debug|Any CPU
		{B5422A0D-DBA8-4A42-BA7B-B32F060D2065}.Release|Any CPU.ActiveCfg = Release|Any CPU
		{B5422A0D-DBA8-4A42-BA7B-B32F060D2065}.Release|Any CPU.Build.0 = Release|Any CPU
		{1F03A661-922D-4A4E-A8E7-4CFD508EF3B6}.Debug|Any CPU.ActiveCfg = Debug|Any CPU
		{1F03A661-922D-4A4E-A8E7-4CFD508EF3B6}.Debug|Any CPU.Build.0 = Debug|Any CPU
		{1F03A661-922D-4A4E-A8E7-4CFD508EF3B6}.Release|Any CPU.ActiveCfg = Release|Any CPU
		{1F03A661-922D-4A4E-A8E7-4CFD508EF3B6}.Release|Any CPU.Build.0 = Release|Any CPU
		{9C8B04BE-29F3-4B00-9485-BA782873D78B}.Debug|Any CPU.ActiveCfg = Debug|Any CPU
		{9C8B04BE-29F3-4B00-9485-BA782873D78B}.Debug|Any CPU.Build.0 = Debug|Any CPU
		{9C8B04BE-29F3-4B00-9485-BA782873D78B}.Release|Any CPU.ActiveCfg = Release|Any CPU
		{9C8B04BE-29F3-4B00-9485-BA782873D78B}.Release|Any CPU.Build.0 = Release|Any CPU
		{AB930C24-82D2-4D9D-996C-D67A141E87B6}.Debug|Any CPU.ActiveCfg = Debug|Any CPU
		{AB930C24-82D2-4D9D-996C-D67A141E87B6}.Debug|Any CPU.Build.0 = Debug|Any CPU
		{AB930C24-82D2-4D9D-996C-D67A141E87B6}.Release|Any CPU.ActiveCfg = Release|Any CPU
		{AB930C24-82D2-4D9D-996C-D67A141E87B6}.Release|Any CPU.Build.0 = Release|Any CPU
		{D65FAD3D-3BF9-4440-857A-1F3ABBFF9404}.Debug|Any CPU.ActiveCfg = Debug|Any CPU
		{D65FAD3D-3BF9-4440-857A-1F3ABBFF9404}.Debug|Any CPU.Build.0 = Debug|Any CPU
		{D65FAD3D-3BF9-4440-857A-1F3ABBFF9404}.Release|Any CPU.ActiveCfg = Release|Any CPU
		{D65FAD3D-3BF9-4440-857A-1F3ABBFF9404}.Release|Any CPU.Build.0 = Release|Any CPU
		{82BDFFE2-BD11-40F8-93BA-ACC03188A4A7}.Debug|Any CPU.ActiveCfg = Debug|Any CPU
		{82BDFFE2-BD11-40F8-93BA-ACC03188A4A7}.Debug|Any CPU.Build.0 = Debug|Any CPU
		{82BDFFE2-BD11-40F8-93BA-ACC03188A4A7}.Release|Any CPU.ActiveCfg = Release|Any CPU
		{82BDFFE2-BD11-40F8-93BA-ACC03188A4A7}.Release|Any CPU.Build.0 = Release|Any CPU
		{488FCA83-D8A3-4F65-AB21-779C2CCDC8F1}.Debug|Any CPU.ActiveCfg = Debug|Any CPU
		{488FCA83-D8A3-4F65-AB21-779C2CCDC8F1}.Debug|Any CPU.Build.0 = Debug|Any CPU
		{488FCA83-D8A3-4F65-AB21-779C2CCDC8F1}.Release|Any CPU.ActiveCfg = Release|Any CPU
		{488FCA83-D8A3-4F65-AB21-779C2CCDC8F1}.Release|Any CPU.Build.0 = Release|Any CPU
		{317F9722-C7D7-4E43-A793-E97DCBAC2055}.Debug|Any CPU.ActiveCfg = Debug|Any CPU
		{317F9722-C7D7-4E43-A793-E97DCBAC2055}.Debug|Any CPU.Build.0 = Debug|Any CPU
		{317F9722-C7D7-4E43-A793-E97DCBAC2055}.Release|Any CPU.ActiveCfg = Release|Any CPU
		{317F9722-C7D7-4E43-A793-E97DCBAC2055}.Release|Any CPU.Build.0 = Release|Any CPU
		{44A882E1-AC6F-4FE7-983B-DF2B64ECD5B5}.Debug|Any CPU.ActiveCfg = Debug|Any CPU
		{44A882E1-AC6F-4FE7-983B-DF2B64ECD5B5}.Debug|Any CPU.Build.0 = Debug|Any CPU
		{44A882E1-AC6F-4FE7-983B-DF2B64ECD5B5}.Release|Any CPU.ActiveCfg = Release|Any CPU
		{44A882E1-AC6F-4FE7-983B-DF2B64ECD5B5}.Release|Any CPU.Build.0 = Release|Any CPU
		{7EC2CFDB-79CB-4039-8288-4B62CCB762C2}.Debug|Any CPU.ActiveCfg = Debug|Any CPU
		{7EC2CFDB-79CB-4039-8288-4B62CCB762C2}.Debug|Any CPU.Build.0 = Debug|Any CPU
		{7EC2CFDB-79CB-4039-8288-4B62CCB762C2}.Release|Any CPU.ActiveCfg = Release|Any CPU
		{7EC2CFDB-79CB-4039-8288-4B62CCB762C2}.Release|Any CPU.Build.0 = Release|Any CPU
		{1A9B0447-0C0C-4132-9C7A-5513FDDE8E2B}.Debug|Any CPU.ActiveCfg = Debug|Any CPU
		{1A9B0447-0C0C-4132-9C7A-5513FDDE8E2B}.Debug|Any CPU.Build.0 = Debug|Any CPU
		{1A9B0447-0C0C-4132-9C7A-5513FDDE8E2B}.Release|Any CPU.ActiveCfg = Release|Any CPU
		{1A9B0447-0C0C-4132-9C7A-5513FDDE8E2B}.Release|Any CPU.Build.0 = Release|Any CPU
		{FDDD6CBB-F1B6-4805-9B63-C5CB2DA7F13B}.Debug|Any CPU.ActiveCfg = Debug|Any CPU
		{FDDD6CBB-F1B6-4805-9B63-C5CB2DA7F13B}.Debug|Any CPU.Build.0 = Debug|Any CPU
		{FDDD6CBB-F1B6-4805-9B63-C5CB2DA7F13B}.Release|Any CPU.ActiveCfg = Release|Any CPU
		{FDDD6CBB-F1B6-4805-9B63-C5CB2DA7F13B}.Release|Any CPU.Build.0 = Release|Any CPU
		{811C6C41-2A41-455D-9A35-1001BEA8428B}.Debug|Any CPU.ActiveCfg = Debug|Any CPU
		{811C6C41-2A41-455D-9A35-1001BEA8428B}.Debug|Any CPU.Build.0 = Debug|Any CPU
		{811C6C41-2A41-455D-9A35-1001BEA8428B}.Release|Any CPU.ActiveCfg = Release|Any CPU
		{811C6C41-2A41-455D-9A35-1001BEA8428B}.Release|Any CPU.Build.0 = Release|Any CPU
	EndGlobalSection
	GlobalSection(SolutionProperties) = preSolution
		HideSolutionNode = FALSE
	EndGlobalSection
	GlobalSection(NestedProjects) = preSolution
		{BBF211E2-24A2-4DC7-8586-62EABC08AB28} = {0DCFDF5E-947E-453B-8BE8-35C5F7ABE8EA}
		{B5422A0D-DBA8-4A42-BA7B-B32F060D2065} = {5D45D065-CBD8-4E1B-84AD-06A413E0A7C8}
		{9C8B04BE-29F3-4B00-9485-BA782873D78B} = {5D45D065-CBD8-4E1B-84AD-06A413E0A7C8}
		{82BDFFE2-BD11-40F8-93BA-ACC03188A4A7} = {5D45D065-CBD8-4E1B-84AD-06A413E0A7C8}
		{317F9722-C7D7-4E43-A793-E97DCBAC2055} = {5D45D065-CBD8-4E1B-84AD-06A413E0A7C8}
		{44A882E1-AC6F-4FE7-983B-DF2B64ECD5B5} = {5D45D065-CBD8-4E1B-84AD-06A413E0A7C8}
		{811C6C41-2A41-455D-9A35-1001BEA8428B} = {5D45D065-CBD8-4E1B-84AD-06A413E0A7C8}
	EndGlobalSection
	GlobalSection(ExtensibilityGlobals) = postSolution
		SolutionGuid = {109FC733-76F8-4327-BE39-B9303FDD86EA}
		RESX_SortFileContentOnSave = True
		RESX_Rules = {"EnabledRules":["StringFormat","WhiteSpaceLead","WhiteSpaceTail"]}
	EndGlobalSection
EndGlobal
